// !$*UTF8*$!
{
	archiveVersion = 1;
	classes = {
	};
	objectVersion = 50;
	objects = {

/* Begin PBXBuildFile section */
		BD9EB1022620055F00D28DF6 /* AddEventCoordinator.swift in Sources */ = {isa = PBXBuildFile; fileRef = BD9EB1012620055F00D28DF6 /* AddEventCoordinator.swift */; };
		BD9EB1072620067400D28DF6 /* AddEventController.swift in Sources */ = {isa = PBXBuildFile; fileRef = BD9EB1062620067400D28DF6 /* AddEventController.swift */; };
		BD9EB10B262006DA00D28DF6 /* UIViewController+Extensions.swift in Sources */ = {isa = PBXBuildFile; fileRef = BD9EB10A262006DA00D28DF6 /* UIViewController+Extensions.swift */; };
		BD9EB1122620082600D28DF6 /* AddEventViewModel.swift in Sources */ = {isa = PBXBuildFile; fileRef = BD9EB1112620082600D28DF6 /* AddEventViewModel.swift */; };
		BD9EB1162620094200D28DF6 /* EventListViewModel.swift in Sources */ = {isa = PBXBuildFile; fileRef = BD9EB1152620094200D28DF6 /* EventListViewModel.swift */; };
		BDB265052620236600617207 /* EventApp.xcdatamodeld in Sources */ = {isa = PBXBuildFile; fileRef = BDB265032620236600617207 /* EventApp.xcdatamodeld */; };
		BDC18361261FF98F00CDF13D /* AppCoordinator.swift in Sources */ = {isa = PBXBuildFile; fileRef = BDC18360261FF98F00CDF13D /* AppCoordinator.swift */; };
		BDC18365261FFC6C00CDF13D /* EventListCoordinator.swift in Sources */ = {isa = PBXBuildFile; fileRef = BDC18364261FFC6C00CDF13D /* EventListCoordinator.swift */; };
		BDC18369261FFD6E00CDF13D /* EventListController.swift in Sources */ = {isa = PBXBuildFile; fileRef = BDC18368261FFD6E00CDF13D /* EventListController.swift */; };
		BDC1836D262002C500CDF13D /* UIColor+Extensions.swift in Sources */ = {isa = PBXBuildFile; fileRef = BDC1836C262002C500CDF13D /* UIColor+Extensions.swift */; };
		BDCB4AF9261FF6920040C363 /* AppDelegate.swift in Sources */ = {isa = PBXBuildFile; fileRef = BDCB4AF8261FF6920040C363 /* AppDelegate.swift */; };
		BDCB4AFB261FF6920040C363 /* SceneDelegate.swift in Sources */ = {isa = PBXBuildFile; fileRef = BDCB4AFA261FF6920040C363 /* SceneDelegate.swift */; };
		BDCB4B00261FF6920040C363 /* Main.storyboard in Resources */ = {isa = PBXBuildFile; fileRef = BDCB4AFE261FF6920040C363 /* Main.storyboard */; };
		BDCB4B02261FF6930040C363 /* Assets.xcassets in Resources */ = {isa = PBXBuildFile; fileRef = BDCB4B01261FF6930040C363 /* Assets.xcassets */; };
		BDCB4B05261FF6930040C363 /* LaunchScreen.storyboard in Resources */ = {isa = PBXBuildFile; fileRef = BDCB4B03261FF6930040C363 /* LaunchScreen.storyboard */; };
/* End PBXBuildFile section */

/* Begin PBXFileReference section */
		BD9EB1012620055F00D28DF6 /* AddEventCoordinator.swift */ = {isa = PBXFileReference; lastKnownFileType = sourcecode.swift; path = AddEventCoordinator.swift; sourceTree = "<group>"; };
		BD9EB1062620067400D28DF6 /* AddEventController.swift */ = {isa = PBXFileReference; lastKnownFileType = sourcecode.swift; path = AddEventController.swift; sourceTree = "<group>"; };
		BD9EB10A262006DA00D28DF6 /* UIViewController+Extensions.swift */ = {isa = PBXFileReference; lastKnownFileType = sourcecode.swift; path = "UIViewController+Extensions.swift"; sourceTree = "<group>"; };
		BD9EB1112620082600D28DF6 /* AddEventViewModel.swift */ = {isa = PBXFileReference; lastKnownFileType = sourcecode.swift; path = AddEventViewModel.swift; sourceTree = "<group>"; };
		BD9EB1152620094200D28DF6 /* EventListViewModel.swift */ = {isa = PBXFileReference; lastKnownFileType = sourcecode.swift; path = EventListViewModel.swift; sourceTree = "<group>"; };
		BDB265042620236600617207 /* EventApp.xcdatamodel */ = {isa = PBXFileReference; lastKnownFileType = wrapper.xcdatamodel; path = EventApp.xcdatamodel; sourceTree = "<group>"; };
		BDC18360261FF98F00CDF13D /* AppCoordinator.swift */ = {isa = PBXFileReference; lastKnownFileType = sourcecode.swift; path = AppCoordinator.swift; sourceTree = "<group>"; };
		BDC18364261FFC6C00CDF13D /* EventListCoordinator.swift */ = {isa = PBXFileReference; lastKnownFileType = sourcecode.swift; path = EventListCoordinator.swift; sourceTree = "<group>"; };
		BDC18368261FFD6E00CDF13D /* EventListController.swift */ = {isa = PBXFileReference; lastKnownFileType = sourcecode.swift; path = EventListController.swift; sourceTree = "<group>"; };
		BDC1836C262002C500CDF13D /* UIColor+Extensions.swift */ = {isa = PBXFileReference; lastKnownFileType = sourcecode.swift; path = "UIColor+Extensions.swift"; sourceTree = "<group>"; };
		BDCB4AF5261FF6920040C363 /* EventApp.app */ = {isa = PBXFileReference; explicitFileType = wrapper.application; includeInIndex = 0; path = EventApp.app; sourceTree = BUILT_PRODUCTS_DIR; };
		BDCB4AF8261FF6920040C363 /* AppDelegate.swift */ = {isa = PBXFileReference; lastKnownFileType = sourcecode.swift; path = AppDelegate.swift; sourceTree = "<group>"; };
		BDCB4AFA261FF6920040C363 /* SceneDelegate.swift */ = {isa = PBXFileReference; lastKnownFileType = sourcecode.swift; path = SceneDelegate.swift; sourceTree = "<group>"; };
		BDCB4AFF261FF6920040C363 /* Base */ = {isa = PBXFileReference; lastKnownFileType = file.storyboard; name = Base; path = Base.lproj/Main.storyboard; sourceTree = "<group>"; };
		BDCB4B01261FF6930040C363 /* Assets.xcassets */ = {isa = PBXFileReference; lastKnownFileType = folder.assetcatalog; path = Assets.xcassets; sourceTree = "<group>"; };
		BDCB4B04261FF6930040C363 /* Base */ = {isa = PBXFileReference; lastKnownFileType = file.storyboard; name = Base; path = Base.lproj/LaunchScreen.storyboard; sourceTree = "<group>"; };
		BDCB4B06261FF6930040C363 /* Info.plist */ = {isa = PBXFileReference; lastKnownFileType = text.plist.xml; path = Info.plist; sourceTree = "<group>"; };
/* End PBXFileReference section */

/* Begin PBXFrameworksBuildPhase section */
		BDCB4AF2261FF6920040C363 /* Frameworks */ = {
			isa = PBXFrameworksBuildPhase;
			buildActionMask = 2147483647;
			files = (
			);
			runOnlyForDeploymentPostprocessing = 0;
		};
/* End PBXFrameworksBuildPhase section */

/* Begin PBXGroup section */
		BD9EB1042620063900D28DF6 /* AddEvent */ = {
			isa = PBXGroup;
			children = (
				BD9EB110262007BB00D28DF6 /* ViewModels */,
				BD9EB10E262007AA00D28DF6 /* Coordinators */,
				BD9EB1062620067400D28DF6 /* AddEventController.swift */,
			);
			path = AddEvent;
			sourceTree = "<group>";
		};
		BD9EB1052620065600D28DF6 /* EventList */ = {
			isa = PBXGroup;
			children = (
				BD9EB10F262007B400D28DF6 /* ViewModels */,
				BD9EB10D262007A100D28DF6 /* Coordinators */,
				BDC18368261FFD6E00CDF13D /* EventListController.swift */,
			);
			path = EventList;
			sourceTree = "<group>";
		};
		BD9EB10D262007A100D28DF6 /* Coordinators */ = {
			isa = PBXGroup;
			children = (
				BDC18364261FFC6C00CDF13D /* EventListCoordinator.swift */,
			);
			path = Coordinators;
			sourceTree = "<group>";
		};
		BD9EB10E262007AA00D28DF6 /* Coordinators */ = {
			isa = PBXGroup;
			children = (
				BD9EB1012620055F00D28DF6 /* AddEventCoordinator.swift */,
			);
			path = Coordinators;
			sourceTree = "<group>";
		};
		BD9EB10F262007B400D28DF6 /* ViewModels */ = {
			isa = PBXGroup;
			children = (
				BD9EB1152620094200D28DF6 /* EventListViewModel.swift */,
			);
			path = ViewModels;
			sourceTree = "<group>";
		};
		BD9EB110262007BB00D28DF6 /* ViewModels */ = {
			isa = PBXGroup;
			children = (
				BD9EB1112620082600D28DF6 /* AddEventViewModel.swift */,
			);
			path = ViewModels;
			sourceTree = "<group>";
		};
		BDB265072620237900617207 /* CoreData */ = {
			isa = PBXGroup;
			children = (
				BDB265032620236600617207 /* EventApp.xcdatamodeld */,
			);
			path = CoreData;
			sourceTree = "<group>";
		};
		BDB26509262024CC00617207 /* AppDelegates */ = {
			isa = PBXGroup;
			children = (
				BDCB4AF8261FF6920040C363 /* AppDelegate.swift */,
				BDCB4AFA261FF6920040C363 /* SceneDelegate.swift */,
			);
			path = AppDelegates;
			sourceTree = "<group>";
		};
		BDC1835F261FF97600CDF13D /* Coordinators */ = {
			isa = PBXGroup;
			children = (
				BDC18360261FF98F00CDF13D /* AppCoordinator.swift */,
			);
			path = Coordinators;
			sourceTree = "<group>";
		};
		BDC18367261FFD4500CDF13D /* Scenes */ = {
			isa = PBXGroup;
			children = (
				BD9EB1052620065600D28DF6 /* EventList */,
				BD9EB1042620063900D28DF6 /* AddEvent */,
			);
			path = Scenes;
			sourceTree = "<group>";
		};
		BDC1836B262002B100CDF13D /* Extensions */ = {
			isa = PBXGroup;
			children = (
				BDC1836C262002C500CDF13D /* UIColor+Extensions.swift */,
				BD9EB10A262006DA00D28DF6 /* UIViewController+Extensions.swift */,
			);
			path = Extensions;
			sourceTree = "<group>";
		};
		BDCB4AEC261FF6920040C363 = {
			isa = PBXGroup;
			children = (
				BDCB4AF7261FF6920040C363 /* EventApp */,
				BDCB4AF6261FF6920040C363 /* Products */,
			);
			sourceTree = "<group>";
		};
		BDCB4AF6261FF6920040C363 /* Products */ = {
			isa = PBXGroup;
			children = (
				BDCB4AF5261FF6920040C363 /* EventApp.app */,
			);
			name = Products;
			sourceTree = "<group>";
		};
		BDCB4AF7261FF6920040C363 /* EventApp */ = {
			isa = PBXGroup;
			children = (
				BDC1836B262002B100CDF13D /* Extensions */,
				BDC18367261FFD4500CDF13D /* Scenes */,
				BDC1835F261FF97600CDF13D /* Coordinators */,
				BDB265072620237900617207 /* CoreData */,
				BDB26509262024CC00617207 /* AppDelegates */,
				BDCB4AFE261FF6920040C363 /* Main.storyboard */,
				BDCB4B01261FF6930040C363 /* Assets.xcassets */,
				BDCB4B03261FF6930040C363 /* LaunchScreen.storyboard */,
				BDCB4B06261FF6930040C363 /* Info.plist */,
			);
			path = EventApp;
			sourceTree = "<group>";
		};
/* End PBXGroup section */

/* Begin PBXNativeTarget section */
		BDCB4AF4261FF6920040C363 /* EventApp */ = {
			isa = PBXNativeTarget;
			buildConfigurationList = BDCB4B09261FF6930040C363 /* Build configuration list for PBXNativeTarget "EventApp" */;
			buildPhases = (
				BDCB4AF1261FF6920040C363 /* Sources */,
				BDCB4AF2261FF6920040C363 /* Frameworks */,
				BDCB4AF3261FF6920040C363 /* Resources */,
			);
			buildRules = (
			);
			dependencies = (
			);
			name = EventApp;
			productName = EventApp;
			productReference = BDCB4AF5261FF6920040C363 /* EventApp.app */;
			productType = "com.apple.product-type.application";
		};
/* End PBXNativeTarget section */

/* Begin PBXProject section */
		BDCB4AED261FF6920040C363 /* Project object */ = {
			isa = PBXProject;
			attributes = {
				LastSwiftUpdateCheck = 1240;
				LastUpgradeCheck = 1240;
				TargetAttributes = {
					BDCB4AF4261FF6920040C363 = {
						CreatedOnToolsVersion = 12.4;
					};
				};
			};
			buildConfigurationList = BDCB4AF0261FF6920040C363 /* Build configuration list for PBXProject "EventApp" */;
			compatibilityVersion = "Xcode 9.3";
			developmentRegion = en;
			hasScannedForEncodings = 0;
			knownRegions = (
				en,
				Base,
			);
			mainGroup = BDCB4AEC261FF6920040C363;
			productRefGroup = BDCB4AF6261FF6920040C363 /* Products */;
			projectDirPath = "";
			projectRoot = "";
			targets = (
				BDCB4AF4261FF6920040C363 /* EventApp */,
			);
		};
/* End PBXProject section */

/* Begin PBXResourcesBuildPhase section */
		BDCB4AF3261FF6920040C363 /* Resources */ = {
			isa = PBXResourcesBuildPhase;
			buildActionMask = 2147483647;
			files = (
				BDCB4B05261FF6930040C363 /* LaunchScreen.storyboard in Resources */,
				BDCB4B02261FF6930040C363 /* Assets.xcassets in Resources */,
				BDCB4B00261FF6920040C363 /* Main.storyboard in Resources */,
			);
			runOnlyForDeploymentPostprocessing = 0;
		};
/* End PBXResourcesBuildPhase section */

/* Begin PBXSourcesBuildPhase section */
		BDCB4AF1261FF6920040C363 /* Sources */ = {
			isa = PBXSourcesBuildPhase;
			buildActionMask = 2147483647;
			files = (
				BDC18361261FF98F00CDF13D /* AppCoordinator.swift in Sources */,
				BDCB4AF9261FF6920040C363 /* AppDelegate.swift in Sources */,
				BD9EB1072620067400D28DF6 /* AddEventController.swift in Sources */,
				BD9EB1022620055F00D28DF6 /* AddEventCoordinator.swift in Sources */,
				BD9EB10B262006DA00D28DF6 /* UIViewController+Extensions.swift in Sources */,
				BD9EB1122620082600D28DF6 /* AddEventViewModel.swift in Sources */,
				BDCB4AFB261FF6920040C363 /* SceneDelegate.swift in Sources */,
				BDC1836D262002C500CDF13D /* UIColor+Extensions.swift in Sources */,
				BDB265052620236600617207 /* EventApp.xcdatamodeld in Sources */,
				BDC18369261FFD6E00CDF13D /* EventListController.swift in Sources */,
				BDC18365261FFC6C00CDF13D /* EventListCoordinator.swift in Sources */,
				BD9EB1162620094200D28DF6 /* EventListViewModel.swift in Sources */,
			);
			runOnlyForDeploymentPostprocessing = 0;
		};
/* End PBXSourcesBuildPhase section */

/* Begin PBXVariantGroup section */
		BDCB4AFE261FF6920040C363 /* Main.storyboard */ = {
			isa = PBXVariantGroup;
			children = (
				BDCB4AFF261FF6920040C363 /* Base */,
			);
			name = Main.storyboard;
			sourceTree = "<group>";
		};
		BDCB4B03261FF6930040C363 /* LaunchScreen.storyboard */ = {
			isa = PBXVariantGroup;
			children = (
				BDCB4B04261FF6930040C363 /* Base */,
			);
			name = LaunchScreen.storyboard;
			sourceTree = "<group>";
		};
/* End PBXVariantGroup section */

/* Begin XCBuildConfiguration section */
		BDCB4B07261FF6930040C363 /* Debug */ = {
			isa = XCBuildConfiguration;
			buildSettings = {
				ALWAYS_SEARCH_USER_PATHS = NO;
				CLANG_ANALYZER_NONNULL = YES;
				CLANG_ANALYZER_NUMBER_OBJECT_CONVERSION = YES_AGGRESSIVE;
				CLANG_CXX_LANGUAGE_STANDARD = "gnu++14";
				CLANG_CXX_LIBRARY = "libc++";
				CLANG_ENABLE_MODULES = YES;
				CLANG_ENABLE_OBJC_ARC = YES;
				CLANG_ENABLE_OBJC_WEAK = YES;
				CLANG_WARN_BLOCK_CAPTURE_AUTORELEASING = YES;
				CLANG_WARN_BOOL_CONVERSION = YES;
				CLANG_WARN_COMMA = YES;
				CLANG_WARN_CONSTANT_CONVERSION = YES;
				CLANG_WARN_DEPRECATED_OBJC_IMPLEMENTATIONS = YES;
				CLANG_WARN_DIRECT_OBJC_ISA_USAGE = YES_ERROR;
				CLANG_WARN_DOCUMENTATION_COMMENTS = YES;
				CLANG_WARN_EMPTY_BODY = YES;
				CLANG_WARN_ENUM_CONVERSION = YES;
				CLANG_WARN_INFINITE_RECURSION = YES;
				CLANG_WARN_INT_CONVERSION = YES;
				CLANG_WARN_NON_LITERAL_NULL_CONVERSION = YES;
				CLANG_WARN_OBJC_IMPLICIT_RETAIN_SELF = YES;
				CLANG_WARN_OBJC_LITERAL_CONVERSION = YES;
				CLANG_WARN_OBJC_ROOT_CLASS = YES_ERROR;
				CLANG_WARN_QUOTED_INCLUDE_IN_FRAMEWORK_HEADER = YES;
				CLANG_WARN_RANGE_LOOP_ANALYSIS = YES;
				CLANG_WARN_STRICT_PROTOTYPES = YES;
				CLANG_WARN_SUSPICIOUS_MOVE = YES;
				CLANG_WARN_UNGUARDED_AVAILABILITY = YES_AGGRESSIVE;
				CLANG_WARN_UNREACHABLE_CODE = YES;
				CLANG_WARN__DUPLICATE_METHOD_MATCH = YES;
				COPY_PHASE_STRIP = NO;
				DEBUG_INFORMATION_FORMAT = dwarf;
				ENABLE_STRICT_OBJC_MSGSEND = YES;
				ENABLE_TESTABILITY = YES;
				GCC_C_LANGUAGE_STANDARD = gnu11;
				GCC_DYNAMIC_NO_PIC = NO;
				GCC_NO_COMMON_BLOCKS = YES;
				GCC_OPTIMIZATION_LEVEL = 0;
				GCC_PREPROCESSOR_DEFINITIONS = (
					"DEBUG=1",
					"$(inherited)",
				);
				GCC_WARN_64_TO_32_BIT_CONVERSION = YES;
				GCC_WARN_ABOUT_RETURN_TYPE = YES_ERROR;
				GCC_WARN_UNDECLARED_SELECTOR = YES;
				GCC_WARN_UNINITIALIZED_AUTOS = YES_AGGRESSIVE;
				GCC_WARN_UNUSED_FUNCTION = YES;
				GCC_WARN_UNUSED_VARIABLE = YES;
				IPHONEOS_DEPLOYMENT_TARGET = 14.4;
				MTL_ENABLE_DEBUG_INFO = INCLUDE_SOURCE;
				MTL_FAST_MATH = YES;
				ONLY_ACTIVE_ARCH = YES;
				SDKROOT = iphoneos;
				SWIFT_ACTIVE_COMPILATION_CONDITIONS = DEBUG;
				SWIFT_OPTIMIZATION_LEVEL = "-Onone";
			};
			name = Debug;
		};
		BDCB4B08261FF6930040C363 /* Release */ = {
			isa = XCBuildConfiguration;
			buildSettings = {
				ALWAYS_SEARCH_USER_PATHS = NO;
				CLANG_ANALYZER_NONNULL = YES;
				CLANG_ANALYZER_NUMBER_OBJECT_CONVERSION = YES_AGGRESSIVE;
				CLANG_CXX_LANGUAGE_STANDARD = "gnu++14";
				CLANG_CXX_LIBRARY = "libc++";
				CLANG_ENABLE_MODULES = YES;
				CLANG_ENABLE_OBJC_ARC = YES;
				CLANG_ENABLE_OBJC_WEAK = YES;
				CLANG_WARN_BLOCK_CAPTURE_AUTORELEASING = YES;
				CLANG_WARN_BOOL_CONVERSION = YES;
				CLANG_WARN_COMMA = YES;
				CLANG_WARN_CONSTANT_CONVERSION = YES;
				CLANG_WARN_DEPRECATED_OBJC_IMPLEMENTATIONS = YES;
				CLANG_WARN_DIRECT_OBJC_ISA_USAGE = YES_ERROR;
				CLANG_WARN_DOCUMENTATION_COMMENTS = YES;
				CLANG_WARN_EMPTY_BODY = YES;
				CLANG_WARN_ENUM_CONVERSION = YES;
				CLANG_WARN_INFINITE_RECURSION = YES;
				CLANG_WARN_INT_CONVERSION = YES;
				CLANG_WARN_NON_LITERAL_NULL_CONVERSION = YES;
				CLANG_WARN_OBJC_IMPLICIT_RETAIN_SELF = YES;
				CLANG_WARN_OBJC_LITERAL_CONVERSION = YES;
				CLANG_WARN_OBJC_ROOT_CLASS = YES_ERROR;
				CLANG_WARN_QUOTED_INCLUDE_IN_FRAMEWORK_HEADER = YES;
				CLANG_WARN_RANGE_LOOP_ANALYSIS = YES;
				CLANG_WARN_STRICT_PROTOTYPES = YES;
				CLANG_WARN_SUSPICIOUS_MOVE = YES;
				CLANG_WARN_UNGUARDED_AVAILABILITY = YES_AGGRESSIVE;
				CLANG_WARN_UNREACHABLE_CODE = YES;
				CLANG_WARN__DUPLICATE_METHOD_MATCH = YES;
				COPY_PHASE_STRIP = NO;
				DEBUG_INFORMATION_FORMAT = "dwarf-with-dsym";
				ENABLE_NS_ASSERTIONS = NO;
				ENABLE_STRICT_OBJC_MSGSEND = YES;
				GCC_C_LANGUAGE_STANDARD = gnu11;
				GCC_NO_COMMON_BLOCKS = YES;
				GCC_WARN_64_TO_32_BIT_CONVERSION = YES;
				GCC_WARN_ABOUT_RETURN_TYPE = YES_ERROR;
				GCC_WARN_UNDECLARED_SELECTOR = YES;
				GCC_WARN_UNINITIALIZED_AUTOS = YES_AGGRESSIVE;
				GCC_WARN_UNUSED_FUNCTION = YES;
				GCC_WARN_UNUSED_VARIABLE = YES;
				IPHONEOS_DEPLOYMENT_TARGET = 14.4;
				MTL_ENABLE_DEBUG_INFO = NO;
				MTL_FAST_MATH = YES;
				SDKROOT = iphoneos;
				SWIFT_COMPILATION_MODE = wholemodule;
				SWIFT_OPTIMIZATION_LEVEL = "-O";
				VALIDATE_PRODUCT = YES;
			};
			name = Release;
		};
		BDCB4B0A261FF6930040C363 /* Debug */ = {
			isa = XCBuildConfiguration;
			buildSettings = {
				ASSETCATALOG_COMPILER_APPICON_NAME = AppIcon;
				ASSETCATALOG_COMPILER_GLOBAL_ACCENT_COLOR_NAME = AccentColor;
				CODE_SIGN_STYLE = Automatic;
				INFOPLIST_FILE = EventApp/Info.plist;
				LD_RUNPATH_SEARCH_PATHS = (
					"$(inherited)",
					"@executable_path/Frameworks",
				);
				PRODUCT_BUNDLE_IDENTIFIER = com.devjayden.EventApp;
				PRODUCT_NAME = "$(TARGET_NAME)";
				SWIFT_VERSION = 5.0;
				TARGETED_DEVICE_FAMILY = "1,2";
			};
			name = Debug;
		};
		BDCB4B0B261FF6930040C363 /* Release */ = {
			isa = XCBuildConfiguration;
			buildSettings = {
				ASSETCATALOG_COMPILER_APPICON_NAME = AppIcon;
				ASSETCATALOG_COMPILER_GLOBAL_ACCENT_COLOR_NAME = AccentColor;
				CODE_SIGN_STYLE = Automatic;
				INFOPLIST_FILE = EventApp/Info.plist;
				LD_RUNPATH_SEARCH_PATHS = (
					"$(inherited)",
					"@executable_path/Frameworks",
				);
				PRODUCT_BUNDLE_IDENTIFIER = com.devjayden.EventApp;
				PRODUCT_NAME = "$(TARGET_NAME)";
				SWIFT_VERSION = 5.0;
				TARGETED_DEVICE_FAMILY = "1,2";
			};
			name = Release;
		};
/* End XCBuildConfiguration section */

/* Begin XCConfigurationList section */
		BDCB4AF0261FF6920040C363 /* Build configuration list for PBXProject "EventApp" */ = {
			isa = XCConfigurationList;
			buildConfigurations = (
				BDCB4B07261FF6930040C363 /* Debug */,
				BDCB4B08261FF6930040C363 /* Release */,
			);
			defaultConfigurationIsVisible = 0;
			defaultConfigurationName = Release;
		};
		BDCB4B09261FF6930040C363 /* Build configuration list for PBXNativeTarget "EventApp" */ = {
			isa = XCConfigurationList;
			buildConfigurations = (
				BDCB4B0A261FF6930040C363 /* Debug */,
				BDCB4B0B261FF6930040C363 /* Release */,
			);
			defaultConfigurationIsVisible = 0;
			defaultConfigurationName = Release;
		};
/* End XCConfigurationList section */

/* Begin XCVersionGroup section */
		BDB265032620236600617207 /* EventApp.xcdatamodeld */ = {
			isa = XCVersionGroup;
			children = (
				BDB265042620236600617207 /* EventApp.xcdatamodel */,
			);
			currentVersion = BDB265042620236600617207 /* EventApp.xcdatamodel */;
			path = EventApp.xcdatamodeld;
			sourceTree = "<group>";
			versionGroupType = wrapper.xcdatamodel;
		};
/* End XCVersionGroup section */
	};
	rootObject = BDCB4AED261FF6920040C363 /* Project object */;
}
